// !$*UTF8*$!
{
	archiveVersion = 1;
	classes = {
	};
	objectVersion = 50;
	objects = {

/* Begin PBXBuildFile section */
		CDA1D093278C99620079916D /* notmyframework.framework in Frameworks */ = {isa = PBXBuildFile; fileRef = CDA1D089278C99620079916D /* notmyframework.framework */; };
		CDA1D098278C99620079916D /* notmyframeworkTests.swift in Sources */ = {isa = PBXBuildFile; fileRef = CDA1D097278C99620079916D /* notmyframeworkTests.swift */; };
		CDA1D09A278C99620079916D /* notmyframework.h in Headers */ = {isa = PBXBuildFile; fileRef = CDA1D08C278C99620079916D /* notmyframework.h */; settings = {ATTRIBUTES = (Public, ); }; };
		CDA1D0A7278C9A1E0079916D /* LoginViewController.swift in Sources */ = {isa = PBXBuildFile; fileRef = CDA1D0A5278C9A1E0079916D /* LoginViewController.swift */; };
		CDA1D0A8278C9A1E0079916D /* LoginViewController.xib in Resources */ = {isa = PBXBuildFile; fileRef = CDA1D0A6278C9A1E0079916D /* LoginViewController.xib */; };
/* End PBXBuildFile section */

/* Begin PBXContainerItemProxy section */
		CDA1D094278C99620079916D /* PBXContainerItemProxy */ = {
			isa = PBXContainerItemProxy;
			containerPortal = CDA1D080278C99620079916D /* Project object */;
			proxyType = 1;
			remoteGlobalIDString = CDA1D088278C99620079916D;
			remoteInfo = notmyframework;
		};
/* End PBXContainerItemProxy section */

/* Begin PBXFileReference section */
		CDA1D089278C99620079916D /* notmyframework.framework */ = {isa = PBXFileReference; explicitFileType = wrapper.framework; includeInIndex = 0; path = notmyframework.framework; sourceTree = BUILT_PRODUCTS_DIR; };
		CDA1D08C278C99620079916D /* notmyframework.h */ = {isa = PBXFileReference; lastKnownFileType = sourcecode.c.h; path = notmyframework.h; sourceTree = "<group>"; };
		CDA1D08D278C99620079916D /* Info.plist */ = {isa = PBXFileReference; lastKnownFileType = text.plist.xml; path = Info.plist; sourceTree = "<group>"; };
		CDA1D092278C99620079916D /* notmyframeworkTests.xctest */ = {isa = PBXFileReference; explicitFileType = wrapper.cfbundle; includeInIndex = 0; path = notmyframeworkTests.xctest; sourceTree = BUILT_PRODUCTS_DIR; };
		CDA1D097278C99620079916D /* notmyframeworkTests.swift */ = {isa = PBXFileReference; lastKnownFileType = sourcecode.swift; path = notmyframeworkTests.swift; sourceTree = "<group>"; };
		CDA1D099278C99620079916D /* Info.plist */ = {isa = PBXFileReference; lastKnownFileType = text.plist.xml; path = Info.plist; sourceTree = "<group>"; };
		CDA1D0A5278C9A1E0079916D /* LoginViewController.swift */ = {isa = PBXFileReference; lastKnownFileType = sourcecode.swift; path = LoginViewController.swift; sourceTree = "<group>"; };
		CDA1D0A6278C9A1E0079916D /* LoginViewController.xib */ = {isa = PBXFileReference; lastKnownFileType = file.xib; path = LoginViewController.xib; sourceTree = "<group>"; };
/* End PBXFileReference section */

/* Begin PBXFrameworksBuildPhase section */
		CDA1D086278C99620079916D /* Frameworks */ = {
			isa = PBXFrameworksBuildPhase;
			buildActionMask = 2147483647;
			files = (
			);
			runOnlyForDeploymentPostprocessing = 0;
		};
		CDA1D08F278C99620079916D /* Frameworks */ = {
			isa = PBXFrameworksBuildPhase;
			buildActionMask = 2147483647;
			files = (
				CDA1D093278C99620079916D /* notmyframework.framework in Frameworks */,
			);
			runOnlyForDeploymentPostprocessing = 0;
		};
/* End PBXFrameworksBuildPhase section */

/* Begin PBXGroup section */
		CDA1D07F278C99620079916D = {
			isa = PBXGroup;
			children = (
				CDA1D0A5278C9A1E0079916D /* LoginViewController.swift */,
				CDA1D0A6278C9A1E0079916D /* LoginViewController.xib */,
				CDA1D08B278C99620079916D /* notmyframework */,
				CDA1D096278C99620079916D /* notmyframeworkTests */,
				CDA1D08A278C99620079916D /* Products */,
			);
			sourceTree = "<group>";
		};
		CDA1D08A278C99620079916D /* Products */ = {
			isa = PBXGroup;
			children = (
				CDA1D089278C99620079916D /* notmyframework.framework */,
				CDA1D092278C99620079916D /* notmyframeworkTests.xctest */,
			);
			name = Products;
			sourceTree = "<group>";
		};
		CDA1D08B278C99620079916D /* notmyframework */ = {
			isa = PBXGroup;
			children = (
				CDA1D08C278C99620079916D /* notmyframework.h */,
				CDA1D08D278C99620079916D /* Info.plist */,
			);
			path = notmyframework;
			sourceTree = "<group>";
		};
		CDA1D096278C99620079916D /* notmyframeworkTests */ = {
			isa = PBXGroup;
			children = (
				CDA1D097278C99620079916D /* notmyframeworkTests.swift */,
				CDA1D099278C99620079916D /* Info.plist */,
			);
			path = notmyframeworkTests;
			sourceTree = "<group>";
		};
/* End PBXGroup section */

/* Begin PBXHeadersBuildPhase section */
		CDA1D084278C99620079916D /* Headers */ = {
			isa = PBXHeadersBuildPhase;
			buildActionMask = 2147483647;
			files = (
				CDA1D09A278C99620079916D /* notmyframework.h in Headers */,
			);
			runOnlyForDeploymentPostprocessing = 0;
		};
/* End PBXHeadersBuildPhase section */

/* Begin PBXNativeTarget section */
		CDA1D088278C99620079916D /* notmyframework */ = {
			isa = PBXNativeTarget;
			buildConfigurationList = CDA1D09D278C99620079916D /* Build configuration list for PBXNativeTarget "notmyframework" */;
			buildPhases = (
				CDA1D084278C99620079916D /* Headers */,
				CDA1D085278C99620079916D /* Sources */,
				CDA1D086278C99620079916D /* Frameworks */,
				CDA1D087278C99620079916D /* Resources */,
			);
			buildRules = (
			);
			dependencies = (
			);
			name = notmyframework;
			productName = notmyframework;
			productReference = CDA1D089278C99620079916D /* notmyframework.framework */;
			productType = "com.apple.product-type.framework";
		};
		CDA1D091278C99620079916D /* notmyframeworkTests */ = {
			isa = PBXNativeTarget;
			buildConfigurationList = CDA1D0A0278C99620079916D /* Build configuration list for PBXNativeTarget "notmyframeworkTests" */;
			buildPhases = (
				CDA1D08E278C99620079916D /* Sources */,
				CDA1D08F278C99620079916D /* Frameworks */,
				CDA1D090278C99620079916D /* Resources */,
			);
			buildRules = (
			);
			dependencies = (
				CDA1D095278C99620079916D /* PBXTargetDependency */,
			);
			name = notmyframeworkTests;
			productName = notmyframeworkTests;
			productReference = CDA1D092278C99620079916D /* notmyframeworkTests.xctest */;
			productType = "com.apple.product-type.bundle.unit-test";
		};
/* End PBXNativeTarget section */

/* Begin PBXProject section */
		CDA1D080278C99620079916D /* Project object */ = {
			isa = PBXProject;
			attributes = {
				LastSwiftUpdateCheck = 1230;
				LastUpgradeCheck = 1230;
				TargetAttributes = {
					CDA1D088278C99620079916D = {
						CreatedOnToolsVersion = 12.3;
						LastSwiftMigration = 1230;
					};
					CDA1D091278C99620079916D = {
						CreatedOnToolsVersion = 12.3;
					};
				};
			};
			buildConfigurationList = CDA1D083278C99620079916D /* Build configuration list for PBXProject "notmyframework" */;
			compatibilityVersion = "Xcode 9.3";
			developmentRegion = en;
			hasScannedForEncodings = 0;
			knownRegions = (
				en,
				Base,
			);
			mainGroup = CDA1D07F278C99620079916D;
			productRefGroup = CDA1D08A278C99620079916D /* Products */;
			projectDirPath = "";
			projectRoot = "";
			targets = (
				CDA1D088278C99620079916D /* notmyframework */,
				CDA1D091278C99620079916D /* notmyframeworkTests */,
			);
		};
/* End PBXProject section */

/* Begin PBXResourcesBuildPhase section */
		CDA1D087278C99620079916D /* Resources */ = {
			isa = PBXResourcesBuildPhase;
			buildActionMask = 2147483647;
			files = (
				CDA1D0A8278C9A1E0079916D /* LoginViewController.xib in Resources */,
			);
			runOnlyForDeploymentPostprocessing = 0;
		};
		CDA1D090278C99620079916D /* Resources */ = {
			isa = PBXResourcesBuildPhase;
			buildActionMask = 2147483647;
			files = (
			);
			runOnlyForDeploymentPostprocessing = 0;
		};
/* End PBXResourcesBuildPhase section */

/* Begin PBXSourcesBuildPhase section */
		CDA1D085278C99620079916D /* Sources */ = {
			isa = PBXSourcesBuildPhase;
			buildActionMask = 2147483647;
			files = (
				CDA1D0A7278C9A1E0079916D /* LoginViewController.swift in Sources */,
			);
			runOnlyForDeploymentPostprocessing = 0;
		};
		CDA1D08E278C99620079916D /* Sources */ = {
			isa = PBXSourcesBuildPhase;
			buildActionMask = 2147483647;
			files = (
				CDA1D098278C99620079916D /* notmyframeworkTests.swift in Sources */,
			);
			runOnlyForDeploymentPostprocessing = 0;
		};
/* End PBXSourcesBuildPhase section */

/* Begin PBXTargetDependency section */
		CDA1D095278C99620079916D /* PBXTargetDependency */ = {
			isa = PBXTargetDependency;
			target = CDA1D088278C99620079916D /* notmyframework */;
			targetProxy = CDA1D094278C99620079916D /* PBXContainerItemProxy */;
		};
/* End PBXTargetDependency section */

/* Begin XCBuildConfiguration section */
		CDA1D09B278C99620079916D /* Debug */ = {
			isa = XCBuildConfiguration;
			buildSettings = {
				ALWAYS_SEARCH_USER_PATHS = NO;
				CLANG_ANALYZER_NONNULL = YES;
				CLANG_ANALYZER_NUMBER_OBJECT_CONVERSION = YES_AGGRESSIVE;
				CLANG_CXX_LANGUAGE_STANDARD = "gnu++14";
				CLANG_CXX_LIBRARY = "libc++";
				CLANG_ENABLE_MODULES = YES;
				CLANG_ENABLE_OBJC_ARC = YES;
				CLANG_ENABLE_OBJC_WEAK = YES;
				CLANG_WARN_BLOCK_CAPTURE_AUTORELEASING = YES;
				CLANG_WARN_BOOL_CONVERSION = YES;
				CLANG_WARN_COMMA = YES;
				CLANG_WARN_CONSTANT_CONVERSION = YES;
				CLANG_WARN_DEPRECATED_OBJC_IMPLEMENTATIONS = YES;
				CLANG_WARN_DIRECT_OBJC_ISA_USAGE = YES_ERROR;
				CLANG_WARN_DOCUMENTATION_COMMENTS = YES;
				CLANG_WARN_EMPTY_BODY = YES;
				CLANG_WARN_ENUM_CONVERSION = YES;
				CLANG_WARN_INFINITE_RECURSION = YES;
				CLANG_WARN_INT_CONVERSION = YES;
				CLANG_WARN_NON_LITERAL_NULL_CONVERSION = YES;
				CLANG_WARN_OBJC_IMPLICIT_RETAIN_SELF = YES;
				CLANG_WARN_OBJC_LITERAL_CONVERSION = YES;
				CLANG_WARN_OBJC_ROOT_CLASS = YES_ERROR;
				CLANG_WARN_QUOTED_INCLUDE_IN_FRAMEWORK_HEADER = YES;
				CLANG_WARN_RANGE_LOOP_ANALYSIS = YES;
				CLANG_WARN_STRICT_PROTOTYPES = YES;
				CLANG_WARN_SUSPICIOUS_MOVE = YES;
				CLANG_WARN_UNGUARDED_AVAILABILITY = YES_AGGRESSIVE;
				CLANG_WARN_UNREACHABLE_CODE = YES;
				CLANG_WARN__DUPLICATE_METHOD_MATCH = YES;
				COPY_PHASE_STRIP = NO;
				CURRENT_PROJECT_VERSION = 1;
				DEBUG_INFORMATION_FORMAT = dwarf;
				ENABLE_STRICT_OBJC_MSGSEND = YES;
				ENABLE_TESTABILITY = YES;
				GCC_C_LANGUAGE_STANDARD = gnu11;
				GCC_DYNAMIC_NO_PIC = NO;
				GCC_NO_COMMON_BLOCKS = YES;
				GCC_OPTIMIZATION_LEVEL = 0;
				GCC_PREPROCESSOR_DEFINITIONS = (
					"DEBUG=1",
					"$(inherited)",
				);
				GCC_WARN_64_TO_32_BIT_CONVERSION = YES;
				GCC_WARN_ABOUT_RETURN_TYPE = YES_ERROR;
				GCC_WARN_UNDECLARED_SELECTOR = YES;
				GCC_WARN_UNINITIALIZED_AUTOS = YES_AGGRESSIVE;
				GCC_WARN_UNUSED_FUNCTION = YES;
				GCC_WARN_UNUSED_VARIABLE = YES;
				IPHONEOS_DEPLOYMENT_TARGET = 14.3;
				MTL_ENABLE_DEBUG_INFO = INCLUDE_SOURCE;
				MTL_FAST_MATH = YES;
				ONLY_ACTIVE_ARCH = YES;
				SDKROOT = iphoneos;
				SWIFT_ACTIVE_COMPILATION_CONDITIONS = DEBUG;
				SWIFT_OPTIMIZATION_LEVEL = "-Onone";
				VERSIONING_SYSTEM = "apple-generic";
				VERSION_INFO_PREFIX = "";
			};
			name = Debug;
		};
		CDA1D09C278C99620079916D /* Release */ = {
			isa = XCBuildConfiguration;
			buildSettings = {
				ALWAYS_SEARCH_USER_PATHS = NO;
				CLANG_ANALYZER_NONNULL = YES;
				CLANG_ANALYZER_NUMBER_OBJECT_CONVERSION = YES_AGGRESSIVE;
				CLANG_CXX_LANGUAGE_STANDARD = "gnu++14";
				CLANG_CXX_LIBRARY = "libc++";
				CLANG_ENABLE_MODULES = YES;
				CLANG_ENABLE_OBJC_ARC = YES;
				CLANG_ENABLE_OBJC_WEAK = YES;
				CLANG_WARN_BLOCK_CAPTURE_AUTORELEASING = YES;
				CLANG_WARN_BOOL_CONVERSION = YES;
				CLANG_WARN_COMMA = YES;
				CLANG_WARN_CONSTANT_CONVERSION = YES;
				CLANG_WARN_DEPRECATED_OBJC_IMPLEMENTATIONS = YES;
				CLANG_WARN_DIRECT_OBJC_ISA_USAGE = YES_ERROR;
				CLANG_WARN_DOCUMENTATION_COMMENTS = YES;
				CLANG_WARN_EMPTY_BODY = YES;
				CLANG_WARN_ENUM_CONVERSION = YES;
				CLANG_WARN_INFINITE_RECURSION = YES;
				CLANG_WARN_INT_CONVERSION = YES;
				CLANG_WARN_NON_LITERAL_NULL_CONVERSION = YES;
				CLANG_WARN_OBJC_IMPLICIT_RETAIN_SELF = YES;
				CLANG_WARN_OBJC_LITERAL_CONVERSION = YES;
				CLANG_WARN_OBJC_ROOT_CLASS = YES_ERROR;
				CLANG_WARN_QUOTED_INCLUDE_IN_FRAMEWORK_HEADER = YES;
				CLANG_WARN_RANGE_LOOP_ANALYSIS = YES;
				CLANG_WARN_STRICT_PROTOTYPES = YES;
				CLANG_WARN_SUSPICIOUS_MOVE = YES;
				CLANG_WARN_UNGUARDED_AVAILABILITY = YES_AGGRESSIVE;
				CLANG_WARN_UNREACHABLE_CODE = YES;
				CLANG_WARN__DUPLICATE_METHOD_MATCH = YES;
				COPY_PHASE_STRIP = NO;
				CURRENT_PROJECT_VERSION = 1;
				DEBUG_INFORMATION_FORMAT = "dwarf-with-dsym";
				ENABLE_NS_ASSERTIONS = NO;
				ENABLE_STRICT_OBJC_MSGSEND = YES;
				GCC_C_LANGUAGE_STANDARD = gnu11;
				GCC_NO_COMMON_BLOCKS = YES;
				GCC_WARN_64_TO_32_BIT_CONVERSION = YES;
				GCC_WARN_ABOUT_RETURN_TYPE = YES_ERROR;
				GCC_WARN_UNDECLARED_SELECTOR = YES;
				GCC_WARN_UNINITIALIZED_AUTOS = YES_AGGRESSIVE;
				GCC_WARN_UNUSED_FUNCTION = YES;
				GCC_WARN_UNUSED_VARIABLE = YES;
				IPHONEOS_DEPLOYMENT_TARGET = 14.3;
				MTL_ENABLE_DEBUG_INFO = NO;
				MTL_FAST_MATH = YES;
				SDKROOT = iphoneos;
				SWIFT_COMPILATION_MODE = wholemodule;
				SWIFT_OPTIMIZATION_LEVEL = "-O";
				VALIDATE_PRODUCT = YES;
				VERSIONING_SYSTEM = "apple-generic";
				VERSION_INFO_PREFIX = "";
			};
			name = Release;
		};
		CDA1D09E278C99620079916D /* Debug */ = {
			isa = XCBuildConfiguration;
			buildSettings = {
				CLANG_ENABLE_MODULES = YES;
				CODE_SIGN_STYLE = Automatic;
				DEFINES_MODULE = YES;
				DYLIB_COMPATIBILITY_VERSION = 1;
				DYLIB_CURRENT_VERSION = 1;
				DYLIB_INSTALL_NAME_BASE = "@rpath";
				INFOPLIST_FILE = notmyframework/Info.plist;
				INSTALL_PATH = "$(LOCAL_LIBRARY_DIR)/Frameworks";
				LD_RUNPATH_SEARCH_PATHS = (
					"$(inherited)",
					"@executable_path/Frameworks",
					"@loader_path/Frameworks",
				);
				PRODUCT_BUNDLE_IDENTIFIER = firstproject.notmyframework;
				PRODUCT_NAME = "$(TARGET_NAME:c99extidentifier)";
				SKIP_INSTALL = YES;
				SWIFT_OPTIMIZATION_LEVEL = "-Onone";
				SWIFT_VERSION = 5.0;
				TARGETED_DEVICE_FAMILY = "1,2";
			};
			name = Debug;
		};
		CDA1D09F278C99620079916D /* Release */ = {
			isa = XCBuildConfiguration;
			buildSettings = {
				CLANG_ENABLE_MODULES = YES;
				CODE_SIGN_STYLE = Automatic;
				DEFINES_MODULE = YES;
				DYLIB_COMPATIBILITY_VERSION = 1;
				DYLIB_CURRENT_VERSION = 1;
				DYLIB_INSTALL_NAME_BASE = "@rpath";
				INFOPLIST_FILE = notmyframework/Info.plist;
				INSTALL_PATH = "$(LOCAL_LIBRARY_DIR)/Frameworks";
				LD_RUNPATH_SEARCH_PATHS = (
					"$(inherited)",
					"@executable_path/Frameworks",
					"@loader_path/Frameworks",
				);
				PRODUCT_BUNDLE_IDENTIFIER = firstproject.notmyframework;
				PRODUCT_NAME = "$(TARGET_NAME:c99extidentifier)";
				SKIP_INSTALL = YES;
				SWIFT_VERSION = 5.0;
				TARGETED_DEVICE_FAMILY = "1,2";
			};
			name = Release;
		};
		CDA1D0A1278C99620079916D /* Debug */ = {
			isa = XCBuildConfiguration;
			buildSettings = {
				ALWAYS_EMBED_SWIFT_STANDARD_LIBRARIES = YES;
				CODE_SIGN_STYLE = Automatic;
				INFOPLIST_FILE = notmyframeworkTests/Info.plist;
				LD_RUNPATH_SEARCH_PATHS = (
					"$(inherited)",
					"@executable_path/Frameworks",
					"@loader_path/Frameworks",
				);
				PRODUCT_BUNDLE_IDENTIFIER = firstproject.notmyframeworkTests;
				PRODUCT_NAME = "$(TARGET_NAME)";
				SWIFT_VERSION = 5.0;
				TARGETED_DEVICE_FAMILY = "1,2";
			};
			name = Debug;
		};
		CDA1D0A2278C99620079916D /* Release */ = {
			isa = XCBuildConfiguration;
			buildSettings = {
				ALWAYS_EMBED_SWIFT_STANDARD_LIBRARIES = YES;
				CODE_SIGN_STYLE = Automatic;
				INFOPLIST_FILE = notmyframeworkTests/Info.plist;
				LD_RUNPATH_SEARCH_PATHS = (
					"$(inherited)",
					"@executable_path/Frameworks",
					"@loader_path/Frameworks",
				);
				PRODUCT_BUNDLE_IDENTIFIER = firstproject.notmyframeworkTests;
				PRODUCT_NAME = "$(TARGET_NAME)";
				SWIFT_VERSION = 5.0;
				TARGETED_DEVICE_FAMILY = "1,2";
			};
			name = Release;
		};
/* End XCBuildConfiguration section */

/* Begin XCConfigurationList section */
		CDA1D083278C99620079916D /* Build configuration list for PBXProject "notmyframework" */ = {
			isa = XCConfigurationList;
			buildConfigurations = (
				CDA1D09B278C99620079916D /* Debug */,
				CDA1D09C278C99620079916D /* Release */,
			);
			defaultConfigurationIsVisible = 0;
			defaultConfigurationName = Release;
		};
		CDA1D09D278C99620079916D /* Build configuration list for PBXNativeTarget "notmyframework" */ = {
			isa = XCConfigurationList;
			buildConfigurations = (
				CDA1D09E278C99620079916D /* Debug */,
				CDA1D09F278C99620079916D /* Release */,
			);
			defaultConfigurationIsVisible = 0;
			defaultConfigurationName = Release;
		};
		CDA1D0A0278C99620079916D /* Build configuration list for PBXNativeTarget "notmyframeworkTests" */ = {
			isa = XCConfigurationList;
			buildConfigurations = (
				CDA1D0A1278C99620079916D /* Debug */,
				CDA1D0A2278C99620079916D /* Release */,
			);
			defaultConfigurationIsVisible = 0;
			defaultConfigurationName = Release;
		};
/* End XCConfigurationList section */
	};
	rootObject = CDA1D080278C99620079916D /* Project object */;
}
