// !$*UTF8*$!
{
	archiveVersion = 1;
	classes = {
	};
	objectVersion = 50;
	objects = {

/* Begin PBXBuildFile section */
		CDA1D05F278330F80079916D /* test_appApp.swift in Sources */ = {isa = PBXBuildFile; fileRef = CDA1D05E278330F80079916D /* test_appApp.swift */; };
		CDA1D061278330F80079916D /* ContentView.swift in Sources */ = {isa = PBXBuildFile; fileRef = CDA1D060278330F80079916D /* ContentView.swift */; };
		CDA1D063278330FF0079916D /* Assets.xcassets in Resources */ = {isa = PBXBuildFile; fileRef = CDA1D062278330FF0079916D /* Assets.xcassets */; };
		CDA1D066278330FF0079916D /* Preview Assets.xcassets in Resources */ = {isa = PBXBuildFile; fileRef = CDA1D065278330FF0079916D /* Preview Assets.xcassets */; };
		CDA1D074278331900079916D /* AnalyticsImpl.swift in Sources */ = {isa = PBXBuildFile; fileRef = CDA1D06E2783318F0079916D /* AnalyticsImpl.swift */; };
		CDA1D075278331900079916D /* Source.swift in Sources */ = {isa = PBXBuildFile; fileRef = CDA1D06F2783318F0079916D /* Source.swift */; };
		CDA1D076278331900079916D /* Event.swift in Sources */ = {isa = PBXBuildFile; fileRef = CDA1D070278331900079916D /* Event.swift */; };
		CDA1D077278331900079916D /* StreamType.swift in Sources */ = {isa = PBXBuildFile; fileRef = CDA1D071278331900079916D /* StreamType.swift */; };
		CDA1D078278331900079916D /* Property.swift in Sources */ = {isa = PBXBuildFile; fileRef = CDA1D072278331900079916D /* Property.swift */; };
		CDA1D079278331900079916D /* PlayerEvent.swift in Sources */ = {isa = PBXBuildFile; fileRef = CDA1D073278331900079916D /* PlayerEvent.swift */; };
		CDA1D07C2784640C0079916D /* 1_helloWorld.swift in Sources */ = {isa = PBXBuildFile; fileRef = CDA1D07B2784640C0079916D /* 1_helloWorld.swift */; };
/* End PBXBuildFile section */

/* Begin PBXFileReference section */
		CDA1D05B278330F80079916D /* test_app.app */ = {isa = PBXFileReference; explicitFileType = wrapper.application; includeInIndex = 0; path = test_app.app; sourceTree = BUILT_PRODUCTS_DIR; };
		CDA1D05E278330F80079916D /* test_appApp.swift */ = {isa = PBXFileReference; lastKnownFileType = sourcecode.swift; path = test_appApp.swift; sourceTree = "<group>"; };
		CDA1D060278330F80079916D /* ContentView.swift */ = {isa = PBXFileReference; lastKnownFileType = sourcecode.swift; path = ContentView.swift; sourceTree = "<group>"; };
		CDA1D062278330FF0079916D /* Assets.xcassets */ = {isa = PBXFileReference; lastKnownFileType = folder.assetcatalog; path = Assets.xcassets; sourceTree = "<group>"; };
		CDA1D065278330FF0079916D /* Preview Assets.xcassets */ = {isa = PBXFileReference; lastKnownFileType = folder.assetcatalog; path = "Preview Assets.xcassets"; sourceTree = "<group>"; };
		CDA1D067278330FF0079916D /* Info.plist */ = {isa = PBXFileReference; lastKnownFileType = text.plist.xml; path = Info.plist; sourceTree = "<group>"; };
		CDA1D06E2783318F0079916D /* AnalyticsImpl.swift */ = {isa = PBXFileReference; fileEncoding = 4; lastKnownFileType = sourcecode.swift; name = AnalyticsImpl.swift; path = ../../../dest/AnalyticsImpl.swift; sourceTree = "<group>"; };
		CDA1D06F2783318F0079916D /* Source.swift */ = {isa = PBXFileReference; fileEncoding = 4; lastKnownFileType = sourcecode.swift; name = Source.swift; path = ../../../dest/Source.swift; sourceTree = "<group>"; };
		CDA1D070278331900079916D /* Event.swift */ = {isa = PBXFileReference; fileEncoding = 4; lastKnownFileType = sourcecode.swift; name = Event.swift; path = ../../../dest/Event.swift; sourceTree = "<group>"; };
		CDA1D071278331900079916D /* StreamType.swift */ = {isa = PBXFileReference; fileEncoding = 4; lastKnownFileType = sourcecode.swift; name = StreamType.swift; path = ../../../dest/StreamType.swift; sourceTree = "<group>"; };
		CDA1D072278331900079916D /* Property.swift */ = {isa = PBXFileReference; fileEncoding = 4; lastKnownFileType = sourcecode.swift; name = Property.swift; path = ../../../dest/Property.swift; sourceTree = "<group>"; };
		CDA1D073278331900079916D /* PlayerEvent.swift */ = {isa = PBXFileReference; fileEncoding = 4; lastKnownFileType = sourcecode.swift; name = PlayerEvent.swift; path = ../../../dest/PlayerEvent.swift; sourceTree = "<group>"; };
		CDA1D07B2784640C0079916D /* 1_helloWorld.swift */ = {isa = PBXFileReference; fileEncoding = 4; lastKnownFileType = sourcecode.swift; path = 1_helloWorld.swift; sourceTree = "<group>"; };
/* End PBXFileReference section */

/* Begin PBXFrameworksBuildPhase section */
		CDA1D058278330F80079916D /* Frameworks */ = {
			isa = PBXFrameworksBuildPhase;
			buildActionMask = 2147483647;
			files = (
			);
			runOnlyForDeploymentPostprocessing = 0;
		};
/* End PBXFrameworksBuildPhase section */

/* Begin PBXGroup section */
		CDA1D052278330F80079916D = {
			isa = PBXGroup;
			children = (
				CDA1D05D278330F80079916D /* test_app */,
				CDA1D05C278330F80079916D /* Products */,
			);
			sourceTree = "<group>";
		};
		CDA1D05C278330F80079916D /* Products */ = {
			isa = PBXGroup;
			children = (
				CDA1D05B278330F80079916D /* test_app.app */,
			);
			name = Products;
			sourceTree = "<group>";
		};
		CDA1D05D278330F80079916D /* test_app */ = {
			isa = PBXGroup;
			children = (
				CDA1D06E2783318F0079916D /* AnalyticsImpl.swift */,
				CDA1D070278331900079916D /* Event.swift */,
				CDA1D073278331900079916D /* PlayerEvent.swift */,
				CDA1D072278331900079916D /* Property.swift */,
				CDA1D06F2783318F0079916D /* Source.swift */,
				CDA1D07B2784640C0079916D /* 1_helloWorld.swift */,
				CDA1D071278331900079916D /* StreamType.swift */,
				CDA1D05E278330F80079916D /* test_appApp.swift */,
				CDA1D060278330F80079916D /* ContentView.swift */,
				CDA1D062278330FF0079916D /* Assets.xcassets */,
				CDA1D067278330FF0079916D /* Info.plist */,
				CDA1D064278330FF0079916D /* Preview Content */,
			);
			path = test_app;
			sourceTree = "<group>";
		};
		CDA1D064278330FF0079916D /* Preview Content */ = {
			isa = PBXGroup;
			children = (
				CDA1D065278330FF0079916D /* Preview Assets.xcassets */,
			);
			path = "Preview Content";
			sourceTree = "<group>";
		};
/* End PBXGroup section */

/* Begin PBXNativeTarget section */
		CDA1D05A278330F80079916D /* test_app */ = {
			isa = PBXNativeTarget;
			buildConfigurationList = CDA1D06A278330FF0079916D /* Build configuration list for PBXNativeTarget "test_app" */;
			buildPhases = (
				CDA1D057278330F80079916D /* Sources */,
				CDA1D058278330F80079916D /* Frameworks */,
				CDA1D059278330F80079916D /* Resources */,
			);
			buildRules = (
			);
			dependencies = (
			);
			name = test_app;
			productName = test_app;
			productReference = CDA1D05B278330F80079916D /* test_app.app */;
			productType = "com.apple.product-type.application";
		};
/* End PBXNativeTarget section */

/* Begin PBXProject section */
		CDA1D053278330F80079916D /* Project object */ = {
			isa = PBXProject;
			attributes = {
				LastSwiftUpdateCheck = 1230;
				LastUpgradeCheck = 1230;
				TargetAttributes = {
					CDA1D05A278330F80079916D = {
						CreatedOnToolsVersion = 12.3;
					};
				};
			};
			buildConfigurationList = CDA1D056278330F80079916D /* Build configuration list for PBXProject "test_app" */;
			compatibilityVersion = "Xcode 9.3";
			developmentRegion = en;
			hasScannedForEncodings = 0;
			knownRegions = (
				en,
				Base,
			);
			mainGroup = CDA1D052278330F80079916D;
			productRefGroup = CDA1D05C278330F80079916D /* Products */;
			projectDirPath = "";
			projectRoot = "";
			targets = (
				CDA1D05A278330F80079916D /* test_app */,
			);
		};
/* End PBXProject section */

/* Begin PBXResourcesBuildPhase section */
		CDA1D059278330F80079916D /* Resources */ = {
			isa = PBXResourcesBuildPhase;
			buildActionMask = 2147483647;
			files = (
				CDA1D066278330FF0079916D /* Preview Assets.xcassets in Resources */,
				CDA1D063278330FF0079916D /* Assets.xcassets in Resources */,
			);
			runOnlyForDeploymentPostprocessing = 0;
		};
/* End PBXResourcesBuildPhase section */

/* Begin PBXSourcesBuildPhase section */
		CDA1D057278330F80079916D /* Sources */ = {
			isa = PBXSourcesBuildPhase;
			buildActionMask = 2147483647;
			files = (
				CDA1D078278331900079916D /* Property.swift in Sources */,
				CDA1D075278331900079916D /* Source.swift in Sources */,
				CDA1D061278330F80079916D /* ContentView.swift in Sources */,
				CDA1D07C2784640C0079916D /* 1_helloWorld.swift in Sources */,
				CDA1D079278331900079916D /* PlayerEvent.swift in Sources */,
				CDA1D05F278330F80079916D /* test_appApp.swift in Sources */,
				CDA1D077278331900079916D /* StreamType.swift in Sources */,
				CDA1D074278331900079916D /* AnalyticsImpl.swift in Sources */,
				CDA1D076278331900079916D /* Event.swift in Sources */,
			);
			runOnlyForDeploymentPostprocessing = 0;
		};
/* End PBXSourcesBuildPhase section */

/* Begin XCBuildConfiguration section */
		CDA1D068278330FF0079916D /* Debug */ = {
			isa = XCBuildConfiguration;
			buildSettings = {
				ALWAYS_SEARCH_USER_PATHS = NO;
				CLANG_ANALYZER_NONNULL = YES;
				CLANG_ANALYZER_NUMBER_OBJECT_CONVERSION = YES_AGGRESSIVE;
				CLANG_CXX_LANGUAGE_STANDARD = "gnu++14";
				CLANG_CXX_LIBRARY = "libc++";
				CLANG_ENABLE_MODULES = YES;
				CLANG_ENABLE_OBJC_ARC = YES;
				CLANG_ENABLE_OBJC_WEAK = YES;
				CLANG_WARN_BLOCK_CAPTURE_AUTORELEASING = YES;
				CLANG_WARN_BOOL_CONVERSION = YES;
				CLANG_WARN_COMMA = YES;
				CLANG_WARN_CONSTANT_CONVERSION = YES;
				CLANG_WARN_DEPRECATED_OBJC_IMPLEMENTATIONS = YES;
				CLANG_WARN_DIRECT_OBJC_ISA_USAGE = YES_ERROR;
				CLANG_WARN_DOCUMENTATION_COMMENTS = YES;
				CLANG_WARN_EMPTY_BODY = YES;
				CLANG_WARN_ENUM_CONVERSION = YES;
				CLANG_WARN_INFINITE_RECURSION = YES;
				CLANG_WARN_INT_CONVERSION = YES;
				CLANG_WARN_NON_LITERAL_NULL_CONVERSION = YES;
				CLANG_WARN_OBJC_IMPLICIT_RETAIN_SELF = YES;
				CLANG_WARN_OBJC_LITERAL_CONVERSION = YES;
				CLANG_WARN_OBJC_ROOT_CLASS = YES_ERROR;
				CLANG_WARN_QUOTED_INCLUDE_IN_FRAMEWORK_HEADER = YES;
				CLANG_WARN_RANGE_LOOP_ANALYSIS = YES;
				CLANG_WARN_STRICT_PROTOTYPES = YES;
				CLANG_WARN_SUSPICIOUS_MOVE = YES;
				CLANG_WARN_UNGUARDED_AVAILABILITY = YES_AGGRESSIVE;
				CLANG_WARN_UNREACHABLE_CODE = YES;
				CLANG_WARN__DUPLICATE_METHOD_MATCH = YES;
				COPY_PHASE_STRIP = NO;
				DEBUG_INFORMATION_FORMAT = dwarf;
				ENABLE_STRICT_OBJC_MSGSEND = YES;
				ENABLE_TESTABILITY = YES;
				GCC_C_LANGUAGE_STANDARD = gnu11;
				GCC_DYNAMIC_NO_PIC = NO;
				GCC_NO_COMMON_BLOCKS = YES;
				GCC_OPTIMIZATION_LEVEL = 0;
				GCC_PREPROCESSOR_DEFINITIONS = (
					"DEBUG=1",
					"$(inherited)",
				);
				GCC_WARN_64_TO_32_BIT_CONVERSION = YES;
				GCC_WARN_ABOUT_RETURN_TYPE = YES_ERROR;
				GCC_WARN_UNDECLARED_SELECTOR = YES;
				GCC_WARN_UNINITIALIZED_AUTOS = YES_AGGRESSIVE;
				GCC_WARN_UNUSED_FUNCTION = YES;
				GCC_WARN_UNUSED_VARIABLE = YES;
				IPHONEOS_DEPLOYMENT_TARGET = 14.3;
				MTL_ENABLE_DEBUG_INFO = INCLUDE_SOURCE;
				MTL_FAST_MATH = YES;
				ONLY_ACTIVE_ARCH = YES;
				SDKROOT = iphoneos;
				SWIFT_ACTIVE_COMPILATION_CONDITIONS = DEBUG;
				SWIFT_OPTIMIZATION_LEVEL = "-Onone";
			};
			name = Debug;
		};
		CDA1D069278330FF0079916D /* Release */ = {
			isa = XCBuildConfiguration;
			buildSettings = {
				ALWAYS_SEARCH_USER_PATHS = NO;
				CLANG_ANALYZER_NONNULL = YES;
				CLANG_ANALYZER_NUMBER_OBJECT_CONVERSION = YES_AGGRESSIVE;
				CLANG_CXX_LANGUAGE_STANDARD = "gnu++14";
				CLANG_CXX_LIBRARY = "libc++";
				CLANG_ENABLE_MODULES = YES;
				CLANG_ENABLE_OBJC_ARC = YES;
				CLANG_ENABLE_OBJC_WEAK = YES;
				CLANG_WARN_BLOCK_CAPTURE_AUTORELEASING = YES;
				CLANG_WARN_BOOL_CONVERSION = YES;
				CLANG_WARN_COMMA = YES;
				CLANG_WARN_CONSTANT_CONVERSION = YES;
				CLANG_WARN_DEPRECATED_OBJC_IMPLEMENTATIONS = YES;
				CLANG_WARN_DIRECT_OBJC_ISA_USAGE = YES_ERROR;
				CLANG_WARN_DOCUMENTATION_COMMENTS = YES;
				CLANG_WARN_EMPTY_BODY = YES;
				CLANG_WARN_ENUM_CONVERSION = YES;
				CLANG_WARN_INFINITE_RECURSION = YES;
				CLANG_WARN_INT_CONVERSION = YES;
				CLANG_WARN_NON_LITERAL_NULL_CONVERSION = YES;
				CLANG_WARN_OBJC_IMPLICIT_RETAIN_SELF = YES;
				CLANG_WARN_OBJC_LITERAL_CONVERSION = YES;
				CLANG_WARN_OBJC_ROOT_CLASS = YES_ERROR;
				CLANG_WARN_QUOTED_INCLUDE_IN_FRAMEWORK_HEADER = YES;
				CLANG_WARN_RANGE_LOOP_ANALYSIS = YES;
				CLANG_WARN_STRICT_PROTOTYPES = YES;
				CLANG_WARN_SUSPICIOUS_MOVE = YES;
				CLANG_WARN_UNGUARDED_AVAILABILITY = YES_AGGRESSIVE;
				CLANG_WARN_UNREACHABLE_CODE = YES;
				CLANG_WARN__DUPLICATE_METHOD_MATCH = YES;
				COPY_PHASE_STRIP = NO;
				DEBUG_INFORMATION_FORMAT = "dwarf-with-dsym";
				ENABLE_NS_ASSERTIONS = NO;
				ENABLE_STRICT_OBJC_MSGSEND = YES;
				GCC_C_LANGUAGE_STANDARD = gnu11;
				GCC_NO_COMMON_BLOCKS = YES;
				GCC_WARN_64_TO_32_BIT_CONVERSION = YES;
				GCC_WARN_ABOUT_RETURN_TYPE = YES_ERROR;
				GCC_WARN_UNDECLARED_SELECTOR = YES;
				GCC_WARN_UNINITIALIZED_AUTOS = YES_AGGRESSIVE;
				GCC_WARN_UNUSED_FUNCTION = YES;
				GCC_WARN_UNUSED_VARIABLE = YES;
				IPHONEOS_DEPLOYMENT_TARGET = 14.3;
				MTL_ENABLE_DEBUG_INFO = NO;
				MTL_FAST_MATH = YES;
				SDKROOT = iphoneos;
				SWIFT_COMPILATION_MODE = wholemodule;
				SWIFT_OPTIMIZATION_LEVEL = "-O";
				VALIDATE_PRODUCT = YES;
			};
			name = Release;
		};
		CDA1D06B278330FF0079916D /* Debug */ = {
			isa = XCBuildConfiguration;
			buildSettings = {
				ASSETCATALOG_COMPILER_APPICON_NAME = AppIcon;
				ASSETCATALOG_COMPILER_GLOBAL_ACCENT_COLOR_NAME = AccentColor;
				CODE_SIGN_STYLE = Automatic;
				DEVELOPMENT_ASSET_PATHS = "\"test_app/Preview Content\"";
				ENABLE_PREVIEWS = YES;
				INFOPLIST_FILE = test_app/Info.plist;
				IPHONEOS_DEPLOYMENT_TARGET = 14.0;
				LD_RUNPATH_SEARCH_PATHS = (
					"$(inherited)",
					"@executable_path/Frameworks",
				);
				PRODUCT_BUNDLE_IDENTIFIER = "firstproject.test-app";
				PRODUCT_NAME = "$(TARGET_NAME)";
				SWIFT_VERSION = 5.0;
				TARGETED_DEVICE_FAMILY = "1,2";
			};
			name = Debug;
		};
		CDA1D06C278330FF0079916D /* Release */ = {
			isa = XCBuildConfiguration;
			buildSettings = {
				ASSETCATALOG_COMPILER_APPICON_NAME = AppIcon;
				ASSETCATALOG_COMPILER_GLOBAL_ACCENT_COLOR_NAME = AccentColor;
				CODE_SIGN_STYLE = Automatic;
				DEVELOPMENT_ASSET_PATHS = "\"test_app/Preview Content\"";
				ENABLE_PREVIEWS = YES;
				INFOPLIST_FILE = test_app/Info.plist;
				IPHONEOS_DEPLOYMENT_TARGET = 14.0;
				LD_RUNPATH_SEARCH_PATHS = (
					"$(inherited)",
					"@executable_path/Frameworks",
				);
				PRODUCT_BUNDLE_IDENTIFIER = "firstproject.test-app";
				PRODUCT_NAME = "$(TARGET_NAME)";
				SWIFT_VERSION = 5.0;
				TARGETED_DEVICE_FAMILY = "1,2";
			};
			name = Release;
		};
/* End XCBuildConfiguration section */

/* Begin XCConfigurationList section */
		CDA1D056278330F80079916D /* Build configuration list for PBXProject "test_app" */ = {
			isa = XCConfigurationList;
			buildConfigurations = (
				CDA1D068278330FF0079916D /* Debug */,
				CDA1D069278330FF0079916D /* Release */,
			);
			defaultConfigurationIsVisible = 0;
			defaultConfigurationName = Release;
		};
		CDA1D06A278330FF0079916D /* Build configuration list for PBXNativeTarget "test_app" */ = {
			isa = XCConfigurationList;
			buildConfigurations = (
				CDA1D06B278330FF0079916D /* Debug */,
				CDA1D06C278330FF0079916D /* Release */,
			);
			defaultConfigurationIsVisible = 0;
			defaultConfigurationName = Release;
		};
/* End XCConfigurationList section */
	};
	rootObject = CDA1D053278330F80079916D /* Project object */;
}
