// !$*UTF8*$!
{
	archiveVersion = 1;
	classes = {
	};
	objectVersion = 50;
	objects = {

/* Begin PBXBuildFile section */
		CDC9E93728046F780016088D /* AppDelegate.swift in Sources */ = {isa = PBXBuildFile; fileRef = CDC9E93628046F780016088D /* AppDelegate.swift */; };
		CDC9E93928046F780016088D /* SceneDelegate.swift in Sources */ = {isa = PBXBuildFile; fileRef = CDC9E93828046F780016088D /* SceneDelegate.swift */; };
		CDC9E93B28046F780016088D /* ViewController.swift in Sources */ = {isa = PBXBuildFile; fileRef = CDC9E93A28046F780016088D /* ViewController.swift */; };
		CDC9E93E28046F780016088D /* Main.storyboard in Resources */ = {isa = PBXBuildFile; fileRef = CDC9E93C28046F780016088D /* Main.storyboard */; };
		CDC9E94028046F7C0016088D /* Assets.xcassets in Resources */ = {isa = PBXBuildFile; fileRef = CDC9E93F28046F7C0016088D /* Assets.xcassets */; };
		CDC9E94328046F7C0016088D /* LaunchScreen.storyboard in Resources */ = {isa = PBXBuildFile; fileRef = CDC9E94128046F7C0016088D /* LaunchScreen.storyboard */; };
		CDC9E94D2804701F0016088D /* APIService.swift in Sources */ = {isa = PBXBuildFile; fileRef = CDC9E94B2804701F0016088D /* APIService.swift */; };
		CDC9E94E2804701F0016088D /* Movie.swift in Sources */ = {isa = PBXBuildFile; fileRef = CDC9E94C2804701F0016088D /* Movie.swift */; };
		CDC9E95128047A400016088D /* movieimage.swift in Sources */ = {isa = PBXBuildFile; fileRef = CDC9E95028047A400016088D /* movieimage.swift */; };
/* End PBXBuildFile section */

/* Begin PBXFileReference section */
		CDC9E93328046F780016088D /* TMDBstoryboard.app */ = {isa = PBXFileReference; explicitFileType = wrapper.application; includeInIndex = 0; path = TMDBstoryboard.app; sourceTree = BUILT_PRODUCTS_DIR; };
		CDC9E93628046F780016088D /* AppDelegate.swift */ = {isa = PBXFileReference; lastKnownFileType = sourcecode.swift; path = AppDelegate.swift; sourceTree = "<group>"; };
		CDC9E93828046F780016088D /* SceneDelegate.swift */ = {isa = PBXFileReference; lastKnownFileType = sourcecode.swift; path = SceneDelegate.swift; sourceTree = "<group>"; };
		CDC9E93A28046F780016088D /* ViewController.swift */ = {isa = PBXFileReference; lastKnownFileType = sourcecode.swift; path = ViewController.swift; sourceTree = "<group>"; };
		CDC9E93D28046F780016088D /* Base */ = {isa = PBXFileReference; lastKnownFileType = file.storyboard; name = Base; path = Base.lproj/Main.storyboard; sourceTree = "<group>"; };
		CDC9E93F28046F7C0016088D /* Assets.xcassets */ = {isa = PBXFileReference; lastKnownFileType = folder.assetcatalog; path = Assets.xcassets; sourceTree = "<group>"; };
		CDC9E94228046F7C0016088D /* Base */ = {isa = PBXFileReference; lastKnownFileType = file.storyboard; name = Base; path = Base.lproj/LaunchScreen.storyboard; sourceTree = "<group>"; };
		CDC9E94428046F7C0016088D /* Info.plist */ = {isa = PBXFileReference; lastKnownFileType = text.plist.xml; path = Info.plist; sourceTree = "<group>"; };
		CDC9E94B2804701F0016088D /* APIService.swift */ = {isa = PBXFileReference; fileEncoding = 4; lastKnownFileType = sourcecode.swift; path = APIService.swift; sourceTree = "<group>"; };
		CDC9E94C2804701F0016088D /* Movie.swift */ = {isa = PBXFileReference; fileEncoding = 4; lastKnownFileType = sourcecode.swift; path = Movie.swift; sourceTree = "<group>"; };
		CDC9E95028047A400016088D /* movieimage.swift */ = {isa = PBXFileReference; lastKnownFileType = sourcecode.swift; path = movieimage.swift; sourceTree = "<group>"; };
/* End PBXFileReference section */

/* Begin PBXFrameworksBuildPhase section */
		CDC9E93028046F780016088D /* Frameworks */ = {
			isa = PBXFrameworksBuildPhase;
			buildActionMask = 2147483647;
			files = (
			);
			runOnlyForDeploymentPostprocessing = 0;
		};
/* End PBXFrameworksBuildPhase section */

/* Begin PBXGroup section */
		CDC9E92A28046F780016088D = {
			isa = PBXGroup;
			children = (
				CDC9E93528046F780016088D /* TMDBstoryboard */,
				CDC9E93428046F780016088D /* Products */,
			);
			sourceTree = "<group>";
		};
		CDC9E93428046F780016088D /* Products */ = {
			isa = PBXGroup;
			children = (
				CDC9E93328046F780016088D /* TMDBstoryboard.app */,
			);
			name = Products;
			sourceTree = "<group>";
		};
		CDC9E93528046F780016088D /* TMDBstoryboard */ = {
			isa = PBXGroup;
			children = (
				CDC9E93628046F780016088D /* AppDelegate.swift */,
				CDC9E93828046F780016088D /* SceneDelegate.swift */,
				CDC9E93A28046F780016088D /* ViewController.swift */,
				CDC9E95028047A400016088D /* movieimage.swift */,
				CDC9E94B2804701F0016088D /* APIService.swift */,
				CDC9E94C2804701F0016088D /* Movie.swift */,
				CDC9E93C28046F780016088D /* Main.storyboard */,
				CDC9E93F28046F7C0016088D /* Assets.xcassets */,
				CDC9E94128046F7C0016088D /* LaunchScreen.storyboard */,
				CDC9E94428046F7C0016088D /* Info.plist */,
			);
			path = TMDBstoryboard;
			sourceTree = "<group>";
		};
/* End PBXGroup section */

/* Begin PBXNativeTarget section */
		CDC9E93228046F780016088D /* TMDBstoryboard */ = {
			isa = PBXNativeTarget;
			buildConfigurationList = CDC9E94728046F7C0016088D /* Build configuration list for PBXNativeTarget "TMDBstoryboard" */;
			buildPhases = (
				CDC9E92F28046F780016088D /* Sources */,
				CDC9E93028046F780016088D /* Frameworks */,
				CDC9E93128046F780016088D /* Resources */,
			);
			buildRules = (
			);
			dependencies = (
			);
			name = TMDBstoryboard;
			productName = TMDBstoryboard;
			productReference = CDC9E93328046F780016088D /* TMDBstoryboard.app */;
			productType = "com.apple.product-type.application";
		};
/* End PBXNativeTarget section */

/* Begin PBXProject section */
		CDC9E92B28046F780016088D /* Project object */ = {
			isa = PBXProject;
			attributes = {
				LastSwiftUpdateCheck = 1230;
				LastUpgradeCheck = 1230;
				TargetAttributes = {
					CDC9E93228046F780016088D = {
						CreatedOnToolsVersion = 12.3;
					};
				};
			};
			buildConfigurationList = CDC9E92E28046F780016088D /* Build configuration list for PBXProject "TMDBstoryboard" */;
			compatibilityVersion = "Xcode 9.3";
			developmentRegion = en;
			hasScannedForEncodings = 0;
			knownRegions = (
				en,
				Base,
			);
			mainGroup = CDC9E92A28046F780016088D;
			productRefGroup = CDC9E93428046F780016088D /* Products */;
			projectDirPath = "";
			projectRoot = "";
			targets = (
				CDC9E93228046F780016088D /* TMDBstoryboard */,
			);
		};
/* End PBXProject section */

/* Begin PBXResourcesBuildPhase section */
		CDC9E93128046F780016088D /* Resources */ = {
			isa = PBXResourcesBuildPhase;
			buildActionMask = 2147483647;
			files = (
				CDC9E94328046F7C0016088D /* LaunchScreen.storyboard in Resources */,
				CDC9E94028046F7C0016088D /* Assets.xcassets in Resources */,
				CDC9E93E28046F780016088D /* Main.storyboard in Resources */,
			);
			runOnlyForDeploymentPostprocessing = 0;
		};
/* End PBXResourcesBuildPhase section */

/* Begin PBXSourcesBuildPhase section */
		CDC9E92F28046F780016088D /* Sources */ = {
			isa = PBXSourcesBuildPhase;
			buildActionMask = 2147483647;
			files = (
				CDC9E93B28046F780016088D /* ViewController.swift in Sources */,
				CDC9E93728046F780016088D /* AppDelegate.swift in Sources */,
				CDC9E95128047A400016088D /* movieimage.swift in Sources */,
				CDC9E94D2804701F0016088D /* APIService.swift in Sources */,
				CDC9E93928046F780016088D /* SceneDelegate.swift in Sources */,
				CDC9E94E2804701F0016088D /* Movie.swift in Sources */,
			);
			runOnlyForDeploymentPostprocessing = 0;
		};
/* End PBXSourcesBuildPhase section */

/* Begin PBXVariantGroup section */
		CDC9E93C28046F780016088D /* Main.storyboard */ = {
			isa = PBXVariantGroup;
			children = (
				CDC9E93D28046F780016088D /* Base */,
			);
			name = Main.storyboard;
			sourceTree = "<group>";
		};
		CDC9E94128046F7C0016088D /* LaunchScreen.storyboard */ = {
			isa = PBXVariantGroup;
			children = (
				CDC9E94228046F7C0016088D /* Base */,
			);
			name = LaunchScreen.storyboard;
			sourceTree = "<group>";
		};
/* End PBXVariantGroup section */

/* Begin XCBuildConfiguration section */
		CDC9E94528046F7C0016088D /* Debug */ = {
			isa = XCBuildConfiguration;
			buildSettings = {
				ALWAYS_SEARCH_USER_PATHS = NO;
				CLANG_ANALYZER_NONNULL = YES;
				CLANG_ANALYZER_NUMBER_OBJECT_CONVERSION = YES_AGGRESSIVE;
				CLANG_CXX_LANGUAGE_STANDARD = "gnu++14";
				CLANG_CXX_LIBRARY = "libc++";
				CLANG_ENABLE_MODULES = YES;
				CLANG_ENABLE_OBJC_ARC = YES;
				CLANG_ENABLE_OBJC_WEAK = YES;
				CLANG_WARN_BLOCK_CAPTURE_AUTORELEASING = YES;
				CLANG_WARN_BOOL_CONVERSION = YES;
				CLANG_WARN_COMMA = YES;
				CLANG_WARN_CONSTANT_CONVERSION = YES;
				CLANG_WARN_DEPRECATED_OBJC_IMPLEMENTATIONS = YES;
				CLANG_WARN_DIRECT_OBJC_ISA_USAGE = YES_ERROR;
				CLANG_WARN_DOCUMENTATION_COMMENTS = YES;
				CLANG_WARN_EMPTY_BODY = YES;
				CLANG_WARN_ENUM_CONVERSION = YES;
				CLANG_WARN_INFINITE_RECURSION = YES;
				CLANG_WARN_INT_CONVERSION = YES;
				CLANG_WARN_NON_LITERAL_NULL_CONVERSION = YES;
				CLANG_WARN_OBJC_IMPLICIT_RETAIN_SELF = YES;
				CLANG_WARN_OBJC_LITERAL_CONVERSION = YES;
				CLANG_WARN_OBJC_ROOT_CLASS = YES_ERROR;
				CLANG_WARN_QUOTED_INCLUDE_IN_FRAMEWORK_HEADER = YES;
				CLANG_WARN_RANGE_LOOP_ANALYSIS = YES;
				CLANG_WARN_STRICT_PROTOTYPES = YES;
				CLANG_WARN_SUSPICIOUS_MOVE = YES;
				CLANG_WARN_UNGUARDED_AVAILABILITY = YES_AGGRESSIVE;
				CLANG_WARN_UNREACHABLE_CODE = YES;
				CLANG_WARN__DUPLICATE_METHOD_MATCH = YES;
				COPY_PHASE_STRIP = NO;
				DEBUG_INFORMATION_FORMAT = dwarf;
				ENABLE_STRICT_OBJC_MSGSEND = YES;
				ENABLE_TESTABILITY = YES;
				GCC_C_LANGUAGE_STANDARD = gnu11;
				GCC_DYNAMIC_NO_PIC = NO;
				GCC_NO_COMMON_BLOCKS = YES;
				GCC_OPTIMIZATION_LEVEL = 0;
				GCC_PREPROCESSOR_DEFINITIONS = (
					"DEBUG=1",
					"$(inherited)",
				);
				GCC_WARN_64_TO_32_BIT_CONVERSION = YES;
				GCC_WARN_ABOUT_RETURN_TYPE = YES_ERROR;
				GCC_WARN_UNDECLARED_SELECTOR = YES;
				GCC_WARN_UNINITIALIZED_AUTOS = YES_AGGRESSIVE;
				GCC_WARN_UNUSED_FUNCTION = YES;
				GCC_WARN_UNUSED_VARIABLE = YES;
				IPHONEOS_DEPLOYMENT_TARGET = 14.3;
				MTL_ENABLE_DEBUG_INFO = INCLUDE_SOURCE;
				MTL_FAST_MATH = YES;
				ONLY_ACTIVE_ARCH = YES;
				SDKROOT = iphoneos;
				SWIFT_ACTIVE_COMPILATION_CONDITIONS = DEBUG;
				SWIFT_OPTIMIZATION_LEVEL = "-Onone";
			};
			name = Debug;
		};
		CDC9E94628046F7C0016088D /* Release */ = {
			isa = XCBuildConfiguration;
			buildSettings = {
				ALWAYS_SEARCH_USER_PATHS = NO;
				CLANG_ANALYZER_NONNULL = YES;
				CLANG_ANALYZER_NUMBER_OBJECT_CONVERSION = YES_AGGRESSIVE;
				CLANG_CXX_LANGUAGE_STANDARD = "gnu++14";
				CLANG_CXX_LIBRARY = "libc++";
				CLANG_ENABLE_MODULES = YES;
				CLANG_ENABLE_OBJC_ARC = YES;
				CLANG_ENABLE_OBJC_WEAK = YES;
				CLANG_WARN_BLOCK_CAPTURE_AUTORELEASING = YES;
				CLANG_WARN_BOOL_CONVERSION = YES;
				CLANG_WARN_COMMA = YES;
				CLANG_WARN_CONSTANT_CONVERSION = YES;
				CLANG_WARN_DEPRECATED_OBJC_IMPLEMENTATIONS = YES;
				CLANG_WARN_DIRECT_OBJC_ISA_USAGE = YES_ERROR;
				CLANG_WARN_DOCUMENTATION_COMMENTS = YES;
				CLANG_WARN_EMPTY_BODY = YES;
				CLANG_WARN_ENUM_CONVERSION = YES;
				CLANG_WARN_INFINITE_RECURSION = YES;
				CLANG_WARN_INT_CONVERSION = YES;
				CLANG_WARN_NON_LITERAL_NULL_CONVERSION = YES;
				CLANG_WARN_OBJC_IMPLICIT_RETAIN_SELF = YES;
				CLANG_WARN_OBJC_LITERAL_CONVERSION = YES;
				CLANG_WARN_OBJC_ROOT_CLASS = YES_ERROR;
				CLANG_WARN_QUOTED_INCLUDE_IN_FRAMEWORK_HEADER = YES;
				CLANG_WARN_RANGE_LOOP_ANALYSIS = YES;
				CLANG_WARN_STRICT_PROTOTYPES = YES;
				CLANG_WARN_SUSPICIOUS_MOVE = YES;
				CLANG_WARN_UNGUARDED_AVAILABILITY = YES_AGGRESSIVE;
				CLANG_WARN_UNREACHABLE_CODE = YES;
				CLANG_WARN__DUPLICATE_METHOD_MATCH = YES;
				COPY_PHASE_STRIP = NO;
				DEBUG_INFORMATION_FORMAT = "dwarf-with-dsym";
				ENABLE_NS_ASSERTIONS = NO;
				ENABLE_STRICT_OBJC_MSGSEND = YES;
				GCC_C_LANGUAGE_STANDARD = gnu11;
				GCC_NO_COMMON_BLOCKS = YES;
				GCC_WARN_64_TO_32_BIT_CONVERSION = YES;
				GCC_WARN_ABOUT_RETURN_TYPE = YES_ERROR;
				GCC_WARN_UNDECLARED_SELECTOR = YES;
				GCC_WARN_UNINITIALIZED_AUTOS = YES_AGGRESSIVE;
				GCC_WARN_UNUSED_FUNCTION = YES;
				GCC_WARN_UNUSED_VARIABLE = YES;
				IPHONEOS_DEPLOYMENT_TARGET = 14.3;
				MTL_ENABLE_DEBUG_INFO = NO;
				MTL_FAST_MATH = YES;
				SDKROOT = iphoneos;
				SWIFT_COMPILATION_MODE = wholemodule;
				SWIFT_OPTIMIZATION_LEVEL = "-O";
				VALIDATE_PRODUCT = YES;
			};
			name = Release;
		};
		CDC9E94828046F7C0016088D /* Debug */ = {
			isa = XCBuildConfiguration;
			buildSettings = {
				ASSETCATALOG_COMPILER_APPICON_NAME = AppIcon;
				ASSETCATALOG_COMPILER_GLOBAL_ACCENT_COLOR_NAME = AccentColor;
				CODE_SIGN_STYLE = Automatic;
				INFOPLIST_FILE = TMDBstoryboard/Info.plist;
				LD_RUNPATH_SEARCH_PATHS = (
					"$(inherited)",
					"@executable_path/Frameworks",
				);
				PRODUCT_BUNDLE_IDENTIFIER = firstproject1.TMDBstoryboard;
				PRODUCT_NAME = "$(TARGET_NAME)";
				SWIFT_VERSION = 5.0;
				TARGETED_DEVICE_FAMILY = "1,2";
			};
			name = Debug;
		};
		CDC9E94928046F7C0016088D /* Release */ = {
			isa = XCBuildConfiguration;
			buildSettings = {
				ASSETCATALOG_COMPILER_APPICON_NAME = AppIcon;
				ASSETCATALOG_COMPILER_GLOBAL_ACCENT_COLOR_NAME = AccentColor;
				CODE_SIGN_STYLE = Automatic;
				INFOPLIST_FILE = TMDBstoryboard/Info.plist;
				LD_RUNPATH_SEARCH_PATHS = (
					"$(inherited)",
					"@executable_path/Frameworks",
				);
				PRODUCT_BUNDLE_IDENTIFIER = firstproject1.TMDBstoryboard;
				PRODUCT_NAME = "$(TARGET_NAME)";
				SWIFT_VERSION = 5.0;
				TARGETED_DEVICE_FAMILY = "1,2";
			};
			name = Release;
		};
/* End XCBuildConfiguration section */

/* Begin XCConfigurationList section */
		CDC9E92E28046F780016088D /* Build configuration list for PBXProject "TMDBstoryboard" */ = {
			isa = XCConfigurationList;
			buildConfigurations = (
				CDC9E94528046F7C0016088D /* Debug */,
				CDC9E94628046F7C0016088D /* Release */,
			);
			defaultConfigurationIsVisible = 0;
			defaultConfigurationName = Release;
		};
		CDC9E94728046F7C0016088D /* Build configuration list for PBXNativeTarget "TMDBstoryboard" */ = {
			isa = XCConfigurationList;
			buildConfigurations = (
				CDC9E94828046F7C0016088D /* Debug */,
				CDC9E94928046F7C0016088D /* Release */,
			);
			defaultConfigurationIsVisible = 0;
			defaultConfigurationName = Release;
		};
/* End XCConfigurationList section */
	};
	rootObject = CDC9E92B28046F780016088D /* Project object */;
}
