// !$*UTF8*$!
{
	archiveVersion = 1;
	classes = {
	};
	objectVersion = 50;
	objects = {

/* Begin PBXBuildFile section */
		CDC9E79C27EC52310016088D /* AppDelegate.swift in Sources */ = {isa = PBXBuildFile; fileRef = CDC9E79B27EC52310016088D /* AppDelegate.swift */; };
		CDC9E79E27EC52310016088D /* SceneDelegate.swift in Sources */ = {isa = PBXBuildFile; fileRef = CDC9E79D27EC52310016088D /* SceneDelegate.swift */; };
		CDC9E7A027EC52310016088D /* ContentView.swift in Sources */ = {isa = PBXBuildFile; fileRef = CDC9E79F27EC52310016088D /* ContentView.swift */; };
		CDC9E7A227EC52380016088D /* Assets.xcassets in Resources */ = {isa = PBXBuildFile; fileRef = CDC9E7A127EC52380016088D /* Assets.xcassets */; };
		CDC9E7A527EC52380016088D /* Preview Assets.xcassets in Resources */ = {isa = PBXBuildFile; fileRef = CDC9E7A427EC52380016088D /* Preview Assets.xcassets */; };
		CDC9E7A827EC52380016088D /* LaunchScreen.storyboard in Resources */ = {isa = PBXBuildFile; fileRef = CDC9E7A627EC52380016088D /* LaunchScreen.storyboard */; };
		CDC9E7B127EC53570016088D /* codable.swift in Sources */ = {isa = PBXBuildFile; fileRef = CDC9E7B027EC53560016088D /* codable.swift */; };
		CDC9E7B427EC57440016088D /* json_loading.swift in Sources */ = {isa = PBXBuildFile; fileRef = CDC9E7B327EC57440016088D /* json_loading.swift */; };
/* End PBXBuildFile section */

/* Begin PBXFileReference section */
		CDC9E79827EC52310016088D /* new_codable_project.app */ = {isa = PBXFileReference; explicitFileType = wrapper.application; includeInIndex = 0; path = new_codable_project.app; sourceTree = BUILT_PRODUCTS_DIR; };
		CDC9E79B27EC52310016088D /* AppDelegate.swift */ = {isa = PBXFileReference; lastKnownFileType = sourcecode.swift; path = AppDelegate.swift; sourceTree = "<group>"; };
		CDC9E79D27EC52310016088D /* SceneDelegate.swift */ = {isa = PBXFileReference; lastKnownFileType = sourcecode.swift; path = SceneDelegate.swift; sourceTree = "<group>"; };
		CDC9E79F27EC52310016088D /* ContentView.swift */ = {isa = PBXFileReference; lastKnownFileType = sourcecode.swift; path = ContentView.swift; sourceTree = "<group>"; };
		CDC9E7A127EC52380016088D /* Assets.xcassets */ = {isa = PBXFileReference; lastKnownFileType = folder.assetcatalog; path = Assets.xcassets; sourceTree = "<group>"; };
		CDC9E7A427EC52380016088D /* Preview Assets.xcassets */ = {isa = PBXFileReference; lastKnownFileType = folder.assetcatalog; path = "Preview Assets.xcassets"; sourceTree = "<group>"; };
		CDC9E7A727EC52380016088D /* Base */ = {isa = PBXFileReference; lastKnownFileType = file.storyboard; name = Base; path = Base.lproj/LaunchScreen.storyboard; sourceTree = "<group>"; };
		CDC9E7A927EC52380016088D /* Info.plist */ = {isa = PBXFileReference; lastKnownFileType = text.plist.xml; path = Info.plist; sourceTree = "<group>"; };
		CDC9E7B027EC53560016088D /* codable.swift */ = {isa = PBXFileReference; lastKnownFileType = sourcecode.swift; path = codable.swift; sourceTree = "<group>"; };
		CDC9E7B327EC57440016088D /* json_loading.swift */ = {isa = PBXFileReference; lastKnownFileType = sourcecode.swift; path = json_loading.swift; sourceTree = "<group>"; };
/* End PBXFileReference section */

/* Begin PBXFrameworksBuildPhase section */
		CDC9E79527EC52310016088D /* Frameworks */ = {
			isa = PBXFrameworksBuildPhase;
			buildActionMask = 2147483647;
			files = (
			);
			runOnlyForDeploymentPostprocessing = 0;
		};
/* End PBXFrameworksBuildPhase section */

/* Begin PBXGroup section */
		CDC9E78F27EC52310016088D = {
			isa = PBXGroup;
			children = (
				CDC9E79A27EC52310016088D /* new_codable_project */,
				CDC9E79927EC52310016088D /* Products */,
			);
			sourceTree = "<group>";
		};
		CDC9E79927EC52310016088D /* Products */ = {
			isa = PBXGroup;
			children = (
				CDC9E79827EC52310016088D /* new_codable_project.app */,
			);
			name = Products;
			sourceTree = "<group>";
		};
		CDC9E79A27EC52310016088D /* new_codable_project */ = {
			isa = PBXGroup;
			children = (
				CDC9E79B27EC52310016088D /* AppDelegate.swift */,
				CDC9E79D27EC52310016088D /* SceneDelegate.swift */,
				CDC9E79F27EC52310016088D /* ContentView.swift */,
				CDC9E7B327EC57440016088D /* json_loading.swift */,
				CDC9E7B027EC53560016088D /* codable.swift */,
				CDC9E7A127EC52380016088D /* Assets.xcassets */,
				CDC9E7A627EC52380016088D /* LaunchScreen.storyboard */,
				CDC9E7A927EC52380016088D /* Info.plist */,
				CDC9E7A327EC52380016088D /* Preview Content */,
			);
			path = new_codable_project;
			sourceTree = "<group>";
		};
		CDC9E7A327EC52380016088D /* Preview Content */ = {
			isa = PBXGroup;
			children = (
				CDC9E7A427EC52380016088D /* Preview Assets.xcassets */,
			);
			path = "Preview Content";
			sourceTree = "<group>";
		};
/* End PBXGroup section */

/* Begin PBXNativeTarget section */
		CDC9E79727EC52310016088D /* new_codable_project */ = {
			isa = PBXNativeTarget;
			buildConfigurationList = CDC9E7AC27EC52380016088D /* Build configuration list for PBXNativeTarget "new_codable_project" */;
			buildPhases = (
				CDC9E79427EC52310016088D /* Sources */,
				CDC9E79527EC52310016088D /* Frameworks */,
				CDC9E79627EC52310016088D /* Resources */,
			);
			buildRules = (
			);
			dependencies = (
			);
			name = new_codable_project;
			productName = new_codable_project;
			productReference = CDC9E79827EC52310016088D /* new_codable_project.app */;
			productType = "com.apple.product-type.application";
		};
/* End PBXNativeTarget section */

/* Begin PBXProject section */
		CDC9E79027EC52310016088D /* Project object */ = {
			isa = PBXProject;
			attributes = {
				LastSwiftUpdateCheck = 1230;
				LastUpgradeCheck = 1230;
				TargetAttributes = {
					CDC9E79727EC52310016088D = {
						CreatedOnToolsVersion = 12.3;
					};
				};
			};
			buildConfigurationList = CDC9E79327EC52310016088D /* Build configuration list for PBXProject "new_codable_project" */;
			compatibilityVersion = "Xcode 9.3";
			developmentRegion = en;
			hasScannedForEncodings = 0;
			knownRegions = (
				en,
				Base,
			);
			mainGroup = CDC9E78F27EC52310016088D;
			productRefGroup = CDC9E79927EC52310016088D /* Products */;
			projectDirPath = "";
			projectRoot = "";
			targets = (
				CDC9E79727EC52310016088D /* new_codable_project */,
			);
		};
/* End PBXProject section */

/* Begin PBXResourcesBuildPhase section */
		CDC9E79627EC52310016088D /* Resources */ = {
			isa = PBXResourcesBuildPhase;
			buildActionMask = 2147483647;
			files = (
				CDC9E7A827EC52380016088D /* LaunchScreen.storyboard in Resources */,
				CDC9E7A527EC52380016088D /* Preview Assets.xcassets in Resources */,
				CDC9E7A227EC52380016088D /* Assets.xcassets in Resources */,
			);
			runOnlyForDeploymentPostprocessing = 0;
		};
/* End PBXResourcesBuildPhase section */

/* Begin PBXSourcesBuildPhase section */
		CDC9E79427EC52310016088D /* Sources */ = {
			isa = PBXSourcesBuildPhase;
			buildActionMask = 2147483647;
			files = (
				CDC9E79C27EC52310016088D /* AppDelegate.swift in Sources */,
				CDC9E79E27EC52310016088D /* SceneDelegate.swift in Sources */,
				CDC9E7B127EC53570016088D /* codable.swift in Sources */,
				CDC9E7B427EC57440016088D /* json_loading.swift in Sources */,
				CDC9E7A027EC52310016088D /* ContentView.swift in Sources */,
			);
			runOnlyForDeploymentPostprocessing = 0;
		};
/* End PBXSourcesBuildPhase section */

/* Begin PBXVariantGroup section */
		CDC9E7A627EC52380016088D /* LaunchScreen.storyboard */ = {
			isa = PBXVariantGroup;
			children = (
				CDC9E7A727EC52380016088D /* Base */,
			);
			name = LaunchScreen.storyboard;
			sourceTree = "<group>";
		};
/* End PBXVariantGroup section */

/* Begin XCBuildConfiguration section */
		CDC9E7AA27EC52380016088D /* Debug */ = {
			isa = XCBuildConfiguration;
			buildSettings = {
				ALWAYS_SEARCH_USER_PATHS = NO;
				CLANG_ANALYZER_NONNULL = YES;
				CLANG_ANALYZER_NUMBER_OBJECT_CONVERSION = YES_AGGRESSIVE;
				CLANG_CXX_LANGUAGE_STANDARD = "gnu++14";
				CLANG_CXX_LIBRARY = "libc++";
				CLANG_ENABLE_MODULES = YES;
				CLANG_ENABLE_OBJC_ARC = YES;
				CLANG_ENABLE_OBJC_WEAK = YES;
				CLANG_WARN_BLOCK_CAPTURE_AUTORELEASING = YES;
				CLANG_WARN_BOOL_CONVERSION = YES;
				CLANG_WARN_COMMA = YES;
				CLANG_WARN_CONSTANT_CONVERSION = YES;
				CLANG_WARN_DEPRECATED_OBJC_IMPLEMENTATIONS = YES;
				CLANG_WARN_DIRECT_OBJC_ISA_USAGE = YES_ERROR;
				CLANG_WARN_DOCUMENTATION_COMMENTS = YES;
				CLANG_WARN_EMPTY_BODY = YES;
				CLANG_WARN_ENUM_CONVERSION = YES;
				CLANG_WARN_INFINITE_RECURSION = YES;
				CLANG_WARN_INT_CONVERSION = YES;
				CLANG_WARN_NON_LITERAL_NULL_CONVERSION = YES;
				CLANG_WARN_OBJC_IMPLICIT_RETAIN_SELF = YES;
				CLANG_WARN_OBJC_LITERAL_CONVERSION = YES;
				CLANG_WARN_OBJC_ROOT_CLASS = YES_ERROR;
				CLANG_WARN_QUOTED_INCLUDE_IN_FRAMEWORK_HEADER = YES;
				CLANG_WARN_RANGE_LOOP_ANALYSIS = YES;
				CLANG_WARN_STRICT_PROTOTYPES = YES;
				CLANG_WARN_SUSPICIOUS_MOVE = YES;
				CLANG_WARN_UNGUARDED_AVAILABILITY = YES_AGGRESSIVE;
				CLANG_WARN_UNREACHABLE_CODE = YES;
				CLANG_WARN__DUPLICATE_METHOD_MATCH = YES;
				COPY_PHASE_STRIP = NO;
				DEBUG_INFORMATION_FORMAT = dwarf;
				ENABLE_STRICT_OBJC_MSGSEND = YES;
				ENABLE_TESTABILITY = YES;
				GCC_C_LANGUAGE_STANDARD = gnu11;
				GCC_DYNAMIC_NO_PIC = NO;
				GCC_NO_COMMON_BLOCKS = YES;
				GCC_OPTIMIZATION_LEVEL = 0;
				GCC_PREPROCESSOR_DEFINITIONS = (
					"DEBUG=1",
					"$(inherited)",
				);
				GCC_WARN_64_TO_32_BIT_CONVERSION = YES;
				GCC_WARN_ABOUT_RETURN_TYPE = YES_ERROR;
				GCC_WARN_UNDECLARED_SELECTOR = YES;
				GCC_WARN_UNINITIALIZED_AUTOS = YES_AGGRESSIVE;
				GCC_WARN_UNUSED_FUNCTION = YES;
				GCC_WARN_UNUSED_VARIABLE = YES;
				IPHONEOS_DEPLOYMENT_TARGET = 14.3;
				MTL_ENABLE_DEBUG_INFO = INCLUDE_SOURCE;
				MTL_FAST_MATH = YES;
				ONLY_ACTIVE_ARCH = YES;
				SDKROOT = iphoneos;
				SWIFT_ACTIVE_COMPILATION_CONDITIONS = DEBUG;
				SWIFT_OPTIMIZATION_LEVEL = "-Onone";
			};
			name = Debug;
		};
		CDC9E7AB27EC52380016088D /* Release */ = {
			isa = XCBuildConfiguration;
			buildSettings = {
				ALWAYS_SEARCH_USER_PATHS = NO;
				CLANG_ANALYZER_NONNULL = YES;
				CLANG_ANALYZER_NUMBER_OBJECT_CONVERSION = YES_AGGRESSIVE;
				CLANG_CXX_LANGUAGE_STANDARD = "gnu++14";
				CLANG_CXX_LIBRARY = "libc++";
				CLANG_ENABLE_MODULES = YES;
				CLANG_ENABLE_OBJC_ARC = YES;
				CLANG_ENABLE_OBJC_WEAK = YES;
				CLANG_WARN_BLOCK_CAPTURE_AUTORELEASING = YES;
				CLANG_WARN_BOOL_CONVERSION = YES;
				CLANG_WARN_COMMA = YES;
				CLANG_WARN_CONSTANT_CONVERSION = YES;
				CLANG_WARN_DEPRECATED_OBJC_IMPLEMENTATIONS = YES;
				CLANG_WARN_DIRECT_OBJC_ISA_USAGE = YES_ERROR;
				CLANG_WARN_DOCUMENTATION_COMMENTS = YES;
				CLANG_WARN_EMPTY_BODY = YES;
				CLANG_WARN_ENUM_CONVERSION = YES;
				CLANG_WARN_INFINITE_RECURSION = YES;
				CLANG_WARN_INT_CONVERSION = YES;
				CLANG_WARN_NON_LITERAL_NULL_CONVERSION = YES;
				CLANG_WARN_OBJC_IMPLICIT_RETAIN_SELF = YES;
				CLANG_WARN_OBJC_LITERAL_CONVERSION = YES;
				CLANG_WARN_OBJC_ROOT_CLASS = YES_ERROR;
				CLANG_WARN_QUOTED_INCLUDE_IN_FRAMEWORK_HEADER = YES;
				CLANG_WARN_RANGE_LOOP_ANALYSIS = YES;
				CLANG_WARN_STRICT_PROTOTYPES = YES;
				CLANG_WARN_SUSPICIOUS_MOVE = YES;
				CLANG_WARN_UNGUARDED_AVAILABILITY = YES_AGGRESSIVE;
				CLANG_WARN_UNREACHABLE_CODE = YES;
				CLANG_WARN__DUPLICATE_METHOD_MATCH = YES;
				COPY_PHASE_STRIP = NO;
				DEBUG_INFORMATION_FORMAT = "dwarf-with-dsym";
				ENABLE_NS_ASSERTIONS = NO;
				ENABLE_STRICT_OBJC_MSGSEND = YES;
				GCC_C_LANGUAGE_STANDARD = gnu11;
				GCC_NO_COMMON_BLOCKS = YES;
				GCC_WARN_64_TO_32_BIT_CONVERSION = YES;
				GCC_WARN_ABOUT_RETURN_TYPE = YES_ERROR;
				GCC_WARN_UNDECLARED_SELECTOR = YES;
				GCC_WARN_UNINITIALIZED_AUTOS = YES_AGGRESSIVE;
				GCC_WARN_UNUSED_FUNCTION = YES;
				GCC_WARN_UNUSED_VARIABLE = YES;
				IPHONEOS_DEPLOYMENT_TARGET = 14.3;
				MTL_ENABLE_DEBUG_INFO = NO;
				MTL_FAST_MATH = YES;
				SDKROOT = iphoneos;
				SWIFT_COMPILATION_MODE = wholemodule;
				SWIFT_OPTIMIZATION_LEVEL = "-O";
				VALIDATE_PRODUCT = YES;
			};
			name = Release;
		};
		CDC9E7AD27EC52380016088D /* Debug */ = {
			isa = XCBuildConfiguration;
			buildSettings = {
				ASSETCATALOG_COMPILER_APPICON_NAME = AppIcon;
				ASSETCATALOG_COMPILER_GLOBAL_ACCENT_COLOR_NAME = AccentColor;
				CODE_SIGN_STYLE = Automatic;
				DEVELOPMENT_ASSET_PATHS = "\"new_codable_project/Preview Content\"";
				ENABLE_PREVIEWS = YES;
				INFOPLIST_FILE = new_codable_project/Info.plist;
				LD_RUNPATH_SEARCH_PATHS = (
					"$(inherited)",
					"@executable_path/Frameworks",
				);
				PRODUCT_BUNDLE_IDENTIFIER = "firstproject1.new-codable-project";
				PRODUCT_NAME = "$(TARGET_NAME)";
				SWIFT_VERSION = 5.0;
				TARGETED_DEVICE_FAMILY = "1,2";
			};
			name = Debug;
		};
		CDC9E7AE27EC52380016088D /* Release */ = {
			isa = XCBuildConfiguration;
			buildSettings = {
				ASSETCATALOG_COMPILER_APPICON_NAME = AppIcon;
				ASSETCATALOG_COMPILER_GLOBAL_ACCENT_COLOR_NAME = AccentColor;
				CODE_SIGN_STYLE = Automatic;
				DEVELOPMENT_ASSET_PATHS = "\"new_codable_project/Preview Content\"";
				ENABLE_PREVIEWS = YES;
				INFOPLIST_FILE = new_codable_project/Info.plist;
				LD_RUNPATH_SEARCH_PATHS = (
					"$(inherited)",
					"@executable_path/Frameworks",
				);
				PRODUCT_BUNDLE_IDENTIFIER = "firstproject1.new-codable-project";
				PRODUCT_NAME = "$(TARGET_NAME)";
				SWIFT_VERSION = 5.0;
				TARGETED_DEVICE_FAMILY = "1,2";
			};
			name = Release;
		};
/* End XCBuildConfiguration section */

/* Begin XCConfigurationList section */
		CDC9E79327EC52310016088D /* Build configuration list for PBXProject "new_codable_project" */ = {
			isa = XCConfigurationList;
			buildConfigurations = (
				CDC9E7AA27EC52380016088D /* Debug */,
				CDC9E7AB27EC52380016088D /* Release */,
			);
			defaultConfigurationIsVisible = 0;
			defaultConfigurationName = Release;
		};
		CDC9E7AC27EC52380016088D /* Build configuration list for PBXNativeTarget "new_codable_project" */ = {
			isa = XCConfigurationList;
			buildConfigurations = (
				CDC9E7AD27EC52380016088D /* Debug */,
				CDC9E7AE27EC52380016088D /* Release */,
			);
			defaultConfigurationIsVisible = 0;
			defaultConfigurationName = Release;
		};
/* End XCConfigurationList section */
	};
	rootObject = CDC9E79027EC52310016088D /* Project object */;
}
